{
  "version": 4,
  "terraform_version": "1.5.7",
  "serial": 42,
  "lineage": "79e5218a-320f-0885-4c95-c5885527e289",
  "outputs": {
    "nginx_endpoint": {
      "value": "http://a53b43afe4d954f59beba846b832cc37-944098453.us-east-1.elb.amazonaws.com",
      "type": "string"
    }
  },
  "resources": [
    {
      "mode": "data",
      "type": "aws_eks_cluster",
      "name": "cluster",
      "provider": "provider[\"registry.terraform.io/hashicorp/aws\"]",
      "instances": [
        {
          "schema_version": 0,
          "attributes": {
            "access_config": [
              {
                "authentication_mode": "API_AND_CONFIG_MAP",
                "bootstrap_cluster_creator_admin_permissions": true
              }
            ],
            "arn": "arn:aws:eks:us-east-1:877258856486:cluster/Test-Green-Cluster-ten",
            "certificate_authority": [
              {
                "data": "LS0tLS1CRUdJTiBDRVJUSUZJQ0FURS0tLS0tCk1JSURCVENDQWUyZ0F3SUJBZ0lJWStXcmZQeHpTbGt3RFFZSktvWklodmNOQVFFTEJRQXdGVEVUTUJFR0ExVUUKQXhNS2EzVmlaWEp1WlhSbGN6QWVGdzB5TkRBM01UVXlNRE0xTkRGYUZ3MHpOREEzTVRNeU1EUXdOREZhTUJVeApFekFSQmdOVkJBTVRDbXQxWW1WeWJtVjBaWE13Z2dFaU1BMEdDU3FHU0liM0RRRUJBUVVBQTRJQkR3QXdnZ0VLCkFvSUJBUURZMGpxVldMdTZsT2hKeXB1cjYyVGt1b2JVRnk4RDJIb3ZjTWRxNlRFS2kwOXJKYkJkY0w1VnFkRXMKRVdpYU9adkd1dERURGt2Nlc5TDRsOGdmYW11SUxRTHc0UkNPR3RFWXVDRE9idTNjdDhPOUozNjZ2d2d0Y0xkZgpDc0pkK3hJNTVJODV2NEpqMmZoNHd6cmN6RzF1VFFBUXFBWE9mM3RCUzNoYXBxbldPNFJVMVpYTTBBSlV2NzlLCkdmSkZMREg4QzFuUWdJbHNoeVh2QW5oV2RZeXY5U3h5L1o5R2dOZXNyYldueFdScGZiL01YUW5oT0dGNjdyY2cKdmw0VDMzUnQ1VGt5c243UDBVcDVwN1dybHhWOGRPb2ErYm1mbEczRzBVRHBuZWRkV0JScytJQkh1UXRWS2I4ZApNZWpiajNERzhJL0JXMllva3JXSTlqYWZaZEJwQWdNQkFBR2pXVEJYTUE0R0ExVWREd0VCL3dRRUF3SUNwREFQCkJnTlZIUk1CQWY4RUJUQURBUUgvTUIwR0ExVWREZ1FXQkJTWGV6eUdWeG1CSFVNMVJFNE1VS0E4Wkk2NHlqQVYKQmdOVkhSRUVEakFNZ2dwcmRXSmxjbTVsZEdWek1BMEdDU3FHU0liM0RRRUJDd1VBQTRJQkFRQy8wQmVCeW1ycQpyMThqczR3OUp2bDNVWTVSTHJLdXVhOGE5b0JEc2ZuUitPN0tlZGJ4cy9Va0dVOWE2a3dmcXRoM2tFQ1ZpS25ECmR0MHp2RWhDWWYzakJraEVKVDlqSkJPU3h5ZU84a1daYVBxR1RqT1libHl2aDl3b2NjaGp5b05jSXA5Y25oREsKaGp3THQrTlV6aGZybTd6eVdyYjJsVTh6WFNTMW5Zd3ltalVFQTByS2tJaVBnb3R2eWI0UlU4Q3JGUUFINnU4dgpDNndEYndTUVNZRWRvb2VsZ3VxYnUzOGtQZk53NERRUlFvU2UzR2t0K0c3SE9Td2FrNThlSlh4TlQ1d1V6WkJXClI3OWZmaEJsR3dIWVVmblNIbFhseGp6QzJOVzNnMzBwMHIzSzRTTS9udTY2Y0tKa0FwMXRXN2J0bUdnL0pLUmwKZjI2SmFsRU1HK2UvCi0tLS0tRU5EIENFUlRJRklDQVRFLS0tLS0K"
              }
            ],
            "cluster_id": null,
            "created_at": "2024-07-15 20:36:49.199 +0000 UTC",
            "enabled_cluster_log_types": [
              "api",
              "audit",
              "authenticator"
            ],
            "endpoint": "https://727AD624B871215D93A72CAD9CAA27F7.gr7.us-east-1.eks.amazonaws.com",
            "id": "Test-Green-Cluster-ten",
            "identity": [
              {
                "oidc": [
                  {
                    "issuer": "https://oidc.eks.us-east-1.amazonaws.com/id/727AD624B871215D93A72CAD9CAA27F7"
                  }
                ]
              }
            ],
            "kubernetes_network_config": [
              {
                "ip_family": "ipv4",
                "service_ipv4_cidr": "172.20.0.0/16",
                "service_ipv6_cidr": ""
              }
            ],
            "name": "Test-Green-Cluster-ten",
            "outpost_config": [],
            "platform_version": "eks.16",
            "role_arn": "arn:aws:iam::877258856486:role/Test-Green-Cluster-ten-cluster-20240715203623833700000003",
            "status": "ACTIVE",
            "tags": {
              "terraform-aws-modules": "eks"
            },
            "version": "1.28",
            "vpc_config": [
              {
                "cluster_security_group_id": "sg-0a6b8dc2409fda1be",
                "endpoint_private_access": true,
                "endpoint_public_access": true,
                "public_access_cidrs": [
                  "0.0.0.0/0"
                ],
                "security_group_ids": [
                  "sg-01886b684de6f346a"
                ],
                "subnet_ids": [
                  "subnet-03eeb45e200a89454",
                  "subnet-07016ef218378d92f",
                  "subnet-074cf248e712ccbb5",
                  "subnet-0f6c2f95e7ba90911"
                ],
                "vpc_id": "vpc-0fe2c01a1360765e3"
              }
            ]
          },
          "sensitive_attributes": []
        }
      ]
    },
    {
      "mode": "data",
      "type": "aws_eks_cluster_auth",
      "name": "cluster",
      "provider": "provider[\"registry.terraform.io/hashicorp/aws\"]",
      "instances": [
        {
          "schema_version": 0,
          "attributes": {
            "id": "Test-Green-Cluster-ten",
            "name": "Test-Green-Cluster-ten",
            "token": "k8s-aws-v1.aHR0cHM6Ly9zdHMudXMtZWFzdC0xLmFtYXpvbmF3cy5jb20vP0FjdGlvbj1HZXRDYWxsZXJJZGVudGl0eSZWZXJzaW9uPTIwMTEtMDYtMTUmWC1BbXotQWxnb3JpdGhtPUFXUzQtSE1BQy1TSEEyNTYmWC1BbXotQ3JlZGVudGlhbD1BS0lBNFlRRlQzQVRDMzdVQkhOVSUyRjIwMjQwNzE2JTJGdXMtZWFzdC0xJTJGc3RzJTJGYXdzNF9yZXF1ZXN0JlgtQW16LURhdGU9MjAyNDA3MTZUMDA0NTQ4WiZYLUFtei1FeHBpcmVzPTAmWC1BbXotU2lnbmVkSGVhZGVycz1ob3N0JTNCeC1rOHMtYXdzLWlkJlgtQW16LVNpZ25hdHVyZT03MDdjOWRiN2E1ZWExYTdmNDIyMmI3NGZhYjEwZmZlOWY0MzA0MTU4NDE3NmE5NDE3NWYzM2YwZTRmMGZiMTY3"
          },
          "sensitive_attributes": []
        }
      ]
    },
    {
      "mode": "data",
      "type": "kubernetes_service",
      "name": "nginx",
      "provider": "provider[\"registry.terraform.io/hashicorp/kubernetes\"]",
      "instances": [
        {
          "schema_version": 0,
          "attributes": {
            "id": "default/nginx",
            "metadata": [
              {
                "annotations": {
                  "meta.helm.sh/release-name": "nginx",
                  "meta.helm.sh/release-namespace": "default"
                },
                "generation": 0,
                "labels": {
                  "app.kubernetes.io/instance": "nginx",
                  "app.kubernetes.io/managed-by": "Helm",
                  "app.kubernetes.io/name": "nginx",
                  "app.kubernetes.io/version": "1.27.0",
                  "helm.sh/chart": "nginx-18.1.4"
                },
                "name": "nginx",
                "namespace": "default",
                "resource_version": "43086",
                "uid": "53b43afe-4d95-4f59-beba-846b832cc37a"
              }
            ],
            "spec": [
              {
                "allocate_load_balancer_node_ports": true,
                "cluster_ip": "172.20.57.30",
                "cluster_ips": [
                  "172.20.57.30"
                ],
                "external_ips": [],
                "external_name": "",
                "external_traffic_policy": "Cluster",
                "health_check_node_port": 0,
                "internal_traffic_policy": "Cluster",
                "ip_families": [
                  "IPv4"
                ],
                "ip_family_policy": "SingleStack",
                "load_balancer_class": "",
                "load_balancer_ip": "",
                "load_balancer_source_ranges": [],
                "port": [
                  {
                    "app_protocol": "",
                    "name": "http",
                    "node_port": 30414,
                    "port": 80,
                    "protocol": "TCP",
                    "target_port": "http"
                  },
                  {
                    "app_protocol": "",
                    "name": "https",
                    "node_port": 31491,
                    "port": 443,
                    "protocol": "TCP",
                    "target_port": "https"
                  }
                ],
                "publish_not_ready_addresses": false,
                "selector": {
                  "app.kubernetes.io/instance": "nginx",
                  "app.kubernetes.io/name": "nginx"
                },
                "session_affinity": "None",
                "session_affinity_config": [],
                "type": "LoadBalancer"
              }
            ],
            "status": [
              {
                "load_balancer": [
                  {
                    "ingress": [
                      {
                        "hostname": "a53b43afe4d954f59beba846b832cc37-944098453.us-east-1.elb.amazonaws.com",
                        "ip": ""
                      }
                    ]
                  }
                ]
              }
            ]
          },
          "sensitive_attributes": []
        }
      ]
    },
    {
      "mode": "data",
      "type": "terraform_remote_state",
      "name": "eks",
      "provider": "provider[\"terraform.io/builtin/terraform\"]",
      "instances": [
        {
          "schema_version": 0,
          "attributes": {
            "backend": "local",
            "config": {
              "value": {
                "path": "../terraform.tfstate"
              },
              "type": [
                "object",
                {
                  "path": "string"
                }
              ]
            },
            "defaults": null,
            "outputs": {
              "value": {
                "cluster_endpoint": "https://727AD624B871215D93A72CAD9CAA27F7.gr7.us-east-1.eks.amazonaws.com",
                "cluster_name": "Test-Green-Cluster-ten",
                "cluster_security_group_id": "sg-01886b684de6f346a",
                "region": "us-east-1"
              },
              "type": [
                "object",
                {
                  "cluster_endpoint": "string",
                  "cluster_name": "string",
                  "cluster_security_group_id": "string",
                  "region": "string"
                }
              ]
            },
            "workspace": null
          },
          "sensitive_attributes": []
        }
      ]
    },
    {
      "mode": "managed",
      "type": "helm_release",
      "name": "nginx",
      "provider": "provider[\"registry.terraform.io/hashicorp/helm\"]",
      "instances": [
        {
          "schema_version": 1,
          "attributes": {
            "atomic": false,
            "chart": "nginx",
            "cleanup_on_fail": false,
            "create_namespace": false,
            "dependency_update": false,
            "description": null,
            "devel": null,
            "disable_crd_hooks": false,
            "disable_openapi_validation": false,
            "disable_webhooks": false,
            "force_update": false,
            "id": "nginx",
            "keyring": null,
            "lint": false,
            "manifest": null,
            "max_history": 0,
            "metadata": [
              {
                "app_version": "1.27.0",
                "chart": "nginx",
                "first_deployed": 1721090772,
                "last_deployed": 1721090772,
                "name": "nginx",
                "namespace": "default",
                "notes": "CHART NAME: nginx\nCHART VERSION: 18.1.4\nAPP VERSION: 1.27.0\n\n** Please be patient while the chart is being deployed **\nNGINX can be accessed through the following DNS name from within your cluster:\n\n    nginx.default.svc.cluster.local (port 80)\n\nTo access NGINX from outside the cluster, follow the steps below:\n\n1. Get the NGINX URL by running these commands:\n\n  NOTE: It may take a few minutes for the LoadBalancer IP to be available.\n        Watch the status with: 'kubectl get svc --namespace default -w nginx'\n\n    export SERVICE_PORT=$(kubectl get --namespace default -o jsonpath=\"{.spec.ports[0].port}\" services nginx)\n    export SERVICE_IP=$(kubectl get svc --namespace default nginx -o jsonpath='{.status.loadBalancer.ingress[0].ip}')\n    echo \"http://${SERVICE_IP}:${SERVICE_PORT}\"\n\nWARNING: There are \"resources\" sections in the chart not set. Using \"resourcesPreset\" is not recommended for production. For production installations, please set the following values according to your workload needs:\n  - cloneStaticSiteFromGit.gitSync.resources\n  - resources\n+info https://kubernetes.io/docs/concepts/configuration/manage-resources-containers/\n\n⚠ SECURITY WARNING: Original containers have been substituted. This Helm chart was designed, tested, and validated on multiple platforms using a specific set of Bitnami and Tanzu Application Catalog containers. Substituting other containers is likely to cause degraded security and performance, broken chart features, and missing environment variables.\n\nSubstituted images detected:\n  - %!s(\u003cnil\u003e)/:%!s(\u003cnil\u003e)",
                "revision": 1,
                "values": "{\"replicaCount\":1}",
                "version": "18.1.4"
              }
            ],
            "name": "nginx",
            "namespace": "default",
            "pass_credentials": false,
            "postrender": [],
            "recreate_pods": false,
            "render_subchart_notes": true,
            "replace": false,
            "repository": "https://charts.bitnami.com/bitnami",
            "repository_ca_file": null,
            "repository_cert_file": null,
            "repository_key_file": null,
            "repository_password": null,
            "repository_username": null,
            "reset_values": false,
            "reuse_values": false,
            "set": [],
            "set_list": [],
            "set_sensitive": [],
            "skip_crds": false,
            "status": "deployed",
            "timeout": 300,
            "values": [
              "replicaCount: 1\n"
            ],
            "verify": false,
            "version": "18.1.4",
            "wait": true,
            "wait_for_jobs": false
          },
          "sensitive_attributes": [],
          "private": "eyJzY2hlbWFfdmVyc2lvbiI6IjEifQ==",
          "dependencies": [
            "data.aws_eks_cluster.cluster"
          ]
        }
      ]
    }
  ],
  "check_results": null
}
